{
  "name": "mujoco_wasm",
  "version": "0.0.2",
  "lockfileVersion": 2,
  "requires": true,
  "packages": {
    "": {
      "name": "mujoco_wasm",
      "version": "0.0.2",
      "license": "ISC",
      "dependencies": {
        "@mediapipe/holistic": "^0.5.1675471629",
        "three": "^0.150.1"
      }
    },
    "node_modules/@mediapipe/holistic": {
      "version": "0.5.1675471629",
      "resolved": "https://registry.npmjs.org/@mediapipe/holistic/-/holistic-0.5.1675471629.tgz",
      "integrity": "sha512-qY+cxtDeSOvVtevrLgnodiwXYaAtPi7dHZtNv/bUCGEjFicAOYtMmrZSqMmbPkTB2+4jLnPF1vgshkAqQRSYAw=="
    },
    "node_modules/three": {
      "version": "0.150.1",
      "resolved": "https://registry.npmjs.org/three/-/three-0.150.1.tgz",
      "integrity": "sha512-5C1MqKUWaHYo13BX0Q64qcdwImgnnjSOFgBscOzAo8MYCzEtqfQqorEKMcajnA3FHy1yVlIe9AmaMQ0OQracNA=="
    }
  },
  "dependencies": {
    "@mediapipe/holistic": {
      "version": "0.5.1675471629",
      "resolved": "https://registry.npmjs.org/@mediapipe/holistic/-/holistic-0.5.1675471629.tgz",
      "integrity": "sha512-qY+cxtDeSOvVtevrLgnodiwXYaAtPi7dHZtNv/bUCGEjFicAOYtMmrZSqMmbPkTB2+4jLnPF1vgshkAqQRSYAw=="
    },
    "three": {
      "version": "0.150.1",
      "resolved": "https://registry.npmjs.org/three/-/three-0.150.1.tgz",
      "integrity": "sha512-5C1MqKUWaHYo13BX0Q64qcdwImgnnjSOFgBscOzAo8MYCzEtqfQqorEKMcajnA3FHy1yVlIe9AmaMQ0OQracNA=="
    }
  }
}
